
Microsoft Visual Studio Solution File, Format Version 12.00
# Visual Studio Version 17
VisualStudioVersion = 17.1.32328.378
MinimumVisualStudioVersion = 10.0.40219.1
Project("{FAE04EC0-301F-11D3-BF4B-00C04F79EFBC}") = "ClsCustomUIPathForAsahiTest", "ClsCustomUIPathForAsahiTest.csproj", "{21C023AA-5524-4ABB-8FB6-BB2EDEE93CDD}"
EndProject
Project("{FAE04EC0-301F-11D3-BF4B-00C04F79EFBC}") = "ClsCustomUIPathForAsahi", "..\ClsCustomUIPathForAsahi\ClsCustomUIPathForAsahi.csproj", "{1569E1C9-719F-463F-9DE3-EA677738D317}"
EndProject
Global
	GlobalSection(SolutionConfigurationPlatforms) = preSolution
		Debug|Any CPU = Debug|Any CPU
		Release|Any CPU = Release|Any CPU
	EndGlobalSection
	GlobalSection(ProjectConfigurationPlatforms) = postSolution
		{21C023AA-5524-4ABB-8FB6-BB2EDEE93CDD}.Debug|Any CPU.ActiveCfg = Debug|Any CPU
		{21C023AA-5524-4ABB-8FB6-BB2EDEE93CDD}.Debug|Any CPU.Build.0 = Debug|Any CPU
		{21C023AA-5524-4ABB-8FB6-BB2EDEE93CDD}.Release|Any CPU.ActiveCfg = Release|Any CPU
		{21C023AA-5524-4ABB-8FB6-BB2EDEE93CDD}.Release|Any CPU.Build.0 = Release|Any CPU
		{1569E1C9-719F-463F-9DE3-EA677738D317}.Debug|Any CPU.ActiveCfg = Debug|Any CPU
		{1569E1C9-719F-463F-9DE3-EA677738D317}.Debug|Any CPU.Build.0 = Debug|Any CPU
		{1569E1C9-719F-463F-9DE3-EA677738D317}.Release|Any CPU.ActiveCfg = Release|Any CPU
		{1569E1C9-719F-463F-9DE3-EA677738D317}.Release|Any CPU.Build.0 = Release|Any CPU
	EndGlobalSection
	GlobalSection(SolutionProperties) = preSolution
		HideSolutionNode = FALSE
	EndGlobalSection
	GlobalSection(ExtensibilityGlobals) = postSolution
		SolutionGuid = {F5908368-3E07-42AA-AE29-D403F3DC2BF0}
	EndGlobalSection
EndGlobal
